
Microsoft Visual Studio Solution File, Format Version 12.00
# Visual Studio Version 16
VisualStudioVersion = 16.0.31515.178
MinimumVisualStudioVersion = 10.0.40219.1
Project("{9A19103F-16F7-4668-BE54-9A1E7A4F7556}") = "finderApp", "finderApp\finderApp.csproj", "{B9658E32-348F-4183-96B0-9F00AD97BA71}"
EndProject
Global
	GlobalSection(SolutionConfigurationPlatforms) = preSolution
		Debug|Any CPU = Debug|Any CPU
		Release|Any CPU = Release|Any CPU
	EndGlobalSection
	GlobalSection(ProjectConfigurationPlatforms) = postSolution
		{B9658E32-348F-4183-96B0-9F00AD97BA71}.Debug|Any CPU.ActiveCfg = Debug|Any CPU
		{B9658E32-348F-4183-96B0-9F00AD97BA71}.Debug|Any CPU.Build.0 = Debug|Any CPU
		{B9658E32-348F-4183-96B0-9F00AD97BA71}.Release|Any CPU.ActiveCfg = Release|Any CPU
		{B9658E32-348F-4183-96B0-9F00AD97BA71}.Release|Any CPU.Build.0 = Release|Any CPU
	EndGlobalSection
	GlobalSection(SolutionProperties) = preSolution
		HideSolutionNode = FALSE
	EndGlobalSection
	GlobalSection(ExtensibilityGlobals) = postSolution
		SolutionGuid = {F1C0A622-F293-4A04-9890-2F58A7EADE48}
	EndGlobalSection
EndGlobal
